{
  "name": "replay-tools",
  "version": "0.1.0",
  "lockfileVersion": 1,
  "requires": true,
  "dependencies": {
    "ajv": {
      "version": "4.11.8",
      "resolved": "https://registry.npmjs.org/ajv/-/ajv-4.11.8.tgz",
      "integrity": "sha1-gv+wKynmYq5TvcIK8VlHcGc5xTY=",
      "requires": {
        "co": "^4.6.0",
        "json-stable-stringify": "^1.0.1"
      }
    },
    "buffer-crc32": {
      "version": "0.2.13",
      "resolved": "https://registry.npmjs.org/buffer-crc32/-/buffer-crc32-0.2.13.tgz",
      "integrity": "sha1-DTM+PwDqxQqhRUq9MO+MKl2ackI="
    },
    "co": {
      "version": "4.6.0",
      "resolved": "https://registry.npmjs.org/co/-/co-4.6.0.tgz",
      "integrity": "sha1-bqa989hTrlTMuOR7+gvz+QMfsYQ="
    },
    "core-util-is": {
      "version": "1.0.2",
      "resolved": "https://registry.npmjs.org/core-util-is/-/core-util-is-1.0.2.tgz",
      "integrity": "sha1-tf1UIgqivFq1eqtxQMlAdUUDwac="
    },
    "fd-slicer": {
      "version": "1.1.0",
      "resolved": "https://registry.npmjs.org/fd-slicer/-/fd-slicer-1.1.0.tgz",
      "integrity": "sha1-JcfInLH5B3+IkbvmHY85Dq4lbx4=",
      "requires": {
        "pend": "~1.2.0"
      }
    },
    "inherits": {
      "version": "2.0.3",
      "resolved": "https://registry.npmjs.org/inherits/-/inherits-2.0.3.tgz",
      "integrity": "sha1-Yzwsg+PaQqUC9SRmAiSA9CCCYd4="
    },
    "isarray": {
      "version": "1.0.0",
      "resolved": "https://registry.npmjs.org/isarray/-/isarray-1.0.0.tgz",
      "integrity": "sha1-u5NdSFgsuhaMBoNJV6VKPgcSTxE="
    },
    "json-stable-stringify": {
      "version": "1.0.1",
      "resolved": "https://registry.npmjs.org/json-stable-stringify/-/json-stable-stringify-1.0.1.tgz",
      "integrity": "sha1-mnWdOcXy/1A/1TAGRu1EX4jE+a8=",
      "requires": {
        "jsonify": "~0.0.0"
      }
    },
    "jsonify": {
      "version": "0.0.0",
      "resolved": "https://registry.npmjs.org/jsonify/-/jsonify-0.0.0.tgz",
      "integrity": "sha1-LHS27kHZPKUbe1qu6PUDYx0lKnM="
    },
    "lodash.get": {
      "version": "4.4.2",
      "resolved": "https://registry.npmjs.org/lodash.get/-/lodash.get-4.4.2.tgz",
      "integrity": "sha1-LRd/ZS+jHpObRDjVNBSZ36OCXpk="
    },
    "lodash.reduce": {
      "version": "4.6.0",
      "resolved": "https://registry.npmjs.org/lodash.reduce/-/lodash.reduce-4.6.0.tgz",
      "integrity": "sha1-8atrg5KZrUj3hKu/R2WW8DuRTTs="
    },
    "macaddress": {
      "version": "0.2.9",
      "resolved": "https://registry.npmjs.org/macaddress/-/macaddress-0.2.9.tgz",
      "integrity": "sha512-k4F1JUof6cQXxNFzx3thLby4oJzXTXQueAOOts944Vqizn+Rjc2QNFenT9FJSLU1CH3PmrHRSyZs2E+Cqw+P2w=="
    },
    "minecraft-data": {
      "version": "2.26.0",
      "resolved": "https://registry.npmjs.org/minecraft-data/-/minecraft-data-2.26.0.tgz",
      "integrity": "sha512-d8E7F8+pm3Xt8b0JB3+3oU/XnKM3FGwmd2EAVnO4XCI6ypCfz6AXCxMStbyWMdftxZjWb+NQWKelWVTz/p5z4g=="
    },
    "pend": {
      "version": "1.2.0",
      "resolved": "https://registry.npmjs.org/pend/-/pend-1.2.0.tgz",
      "integrity": "sha1-elfrVQpng/kRUzH89GY9XI4AelA="
    },
    "prismarine-nbt": {
      "version": "1.2.0",
      "resolved": "https://registry.npmjs.org/prismarine-nbt/-/prismarine-nbt-1.2.0.tgz",
      "integrity": "sha512-/0ONt0GJidcffqnrMyjkAoo0pkelylVmNc1G3eELnL7yYczvXF+rD2EqA2T+pAQd8+aMOz/owIs50Bjop5KFrA==",
      "requires": {
        "protodef": "^1.2.1"
      }
    },
    "process-nextick-args": {
      "version": "2.0.0",
      "resolved": "https://registry.npmjs.org/process-nextick-args/-/process-nextick-args-2.0.0.tgz",
      "integrity": "sha512-MtEC1TqN0EU5nephaJ4rAtThHtC86dNN9qCuEhtshvpVBkAW5ZO7BASN9REnF9eoXGcRub+pFuKEpOHE+HbEMw=="
    },
    "protodef": {
      "version": "1.6.7",
      "resolved": "https://registry.npmjs.org/protodef/-/protodef-1.6.7.tgz",
      "integrity": "sha512-u/IH2dL2jIRLrvVbqT2XJbF8wJjaVd2XbjaO5sPTtaEWQSCOoGm+810pc3ZAarXz96uZ3yEEECV/Pa7aEOfRZw==",
      "requires": {
        "lodash.get": "^4.4.2",
        "lodash.reduce": "^4.2.0",
        "protodef-validator": "^1.1.2",
        "readable-stream": "^2.0.5"
      }
    },
    "protodef-validator": {
      "version": "1.2.0",
      "resolved": "https://registry.npmjs.org/protodef-validator/-/protodef-validator-1.2.0.tgz",
      "integrity": "sha512-TcRqCiTnhCzGnrLiqDvtozKC03a1u59pnFUwBuAJKYAaQNj18e9RZLTQGZPDUGQZV+auA3fracl/YB4FNMvX9A==",
      "requires": {
        "ajv": "^4.11.2"
      }
    },
    "readable-stream": {
      "version": "2.3.6",
      "resolved": "https://registry.npmjs.org/readable-stream/-/readable-stream-2.3.6.tgz",
      "integrity": "sha512-tQtKA9WIAhBF3+VLAseyMqZeBjW0AHJoxOtYqSUZNJxauErmLbVm2FW1y+J/YA9dUrAC39ITejlZWhVIwawkKw==",
      "requires": {
        "core-util-is": "~1.0.0",
        "inherits": "~2.0.3",
        "isarray": "~1.0.0",
        "process-nextick-args": "~2.0.0",
        "safe-buffer": "~5.1.1",
        "string_decoder": "~1.1.1",
        "util-deprecate": "~1.0.1"
      }
    },
    "safe-buffer": {
      "version": "5.1.2",
      "resolved": "https://registry.npmjs.org/safe-buffer/-/safe-buffer-5.1.2.tgz",
      "integrity": "sha512-Gd2UZBJDkXlY7GbJxfsE8/nvKkUEU1G38c1siN6QP6a9PT9MmHB8GnpscSmMJSoF8LOIrt8ud/wPtojys4G6+g=="
    },
    "string_decoder": {
      "version": "1.1.1",
      "resolved": "https://registry.npmjs.org/string_decoder/-/string_decoder-1.1.1.tgz",
      "integrity": "sha512-n/ShnvDi6FHbbVfviro+WojiFzv+s8MPMHBczVePfUpDJLwoLT0ht1l4YwBCbi8pJAveEEdnkHyPyTP/mzRfwg==",
      "requires": {
        "safe-buffer": "~5.1.0"
      }
    },
    "util-deprecate": {
      "version": "1.0.2",
      "resolved": "https://registry.npmjs.org/util-deprecate/-/util-deprecate-1.0.2.tgz",
      "integrity": "sha1-RQ1Nyfpw3nMnYvvS1KKJgUGaDM8="
    },
    "uuid-1345": {
      "version": "0.99.7",
      "resolved": "https://registry.npmjs.org/uuid-1345/-/uuid-1345-0.99.7.tgz",
      "integrity": "sha512-A70cwvqH95zULri1/t00/r6Bd97hKpNvS9SoSLP9Bupn95sX/01JkOuH9YjJrmNul7ZAjyX3Y3ZMlDrCjuoNPQ==",
      "requires": {
        "macaddress": "^0.2.9"
      }
    },
    "yauzl": {
      "version": "2.10.0",
      "resolved": "https://registry.npmjs.org/yauzl/-/yauzl-2.10.0.tgz",
      "integrity": "sha1-x+sXyT4RLLEIb6bY5R+wZnt5pfk=",
      "requires": {
        "buffer-crc32": "~0.2.3",
        "fd-slicer": "~1.1.0"
      }
    },
    "zlib": {
      "version": "1.0.5",
      "resolved": "https://registry.npmjs.org/zlib/-/zlib-1.0.5.tgz",
      "integrity": "sha1-bnyXL8NxxkWmr7A6sUdp3vEU/MA="
    }
  }
}
